
Microsoft Visual Studio Solution File, Format Version 12.00
# Visual Studio Version 17
VisualStudioVersion = 17.5.002.0
MinimumVisualStudioVersion = 10.0.40219.1
Project("{9A19103F-16F7-4668-BE54-9A1E7A4F7556}") = "lab-1-5-console-commands-StariKnight5", "lab-1-5-console-commands-StariKnight5.csproj", "{246BF6DE-F83B-4E45-AC36-EAE5333E132E}"
EndProject
Global
	GlobalSection(SolutionConfigurationPlatforms) = preSolution
		Debug|Any CPU = Debug|Any CPU
		Release|Any CPU = Release|Any CPU
	EndGlobalSection
	GlobalSection(ProjectConfigurationPlatforms) = postSolution
		{246BF6DE-F83B-4E45-AC36-EAE5333E132E}.Debug|Any CPU.ActiveCfg = Debug|Any CPU
		{246BF6DE-F83B-4E45-AC36-EAE5333E132E}.Debug|Any CPU.Build.0 = Debug|Any CPU
		{246BF6DE-F83B-4E45-AC36-EAE5333E132E}.Release|Any CPU.ActiveCfg = Release|Any CPU
		{246BF6DE-F83B-4E45-AC36-EAE5333E132E}.Release|Any CPU.Build.0 = Release|Any CPU
	EndGlobalSection
	GlobalSection(SolutionProperties) = preSolution
		HideSolutionNode = FALSE
	EndGlobalSection
	GlobalSection(ExtensibilityGlobals) = postSolution
		SolutionGuid = {A07C0FA7-EE23-4CED-A1EB-AD47F6A63AAD}
	EndGlobalSection
EndGlobal
